<?xml version="1.0" encoding="utf-8"?>
<Project ToolsVersion="4.0" xmlns="http://schemas.microsoft.com/developer/msbuild/2003">
  <ItemGroup>
    <Filter Include="Resource Files">
      <UniqueIdentifier>{67DA6AB6-F800-4c08-8B7A-83BB121AAD01}</UniqueIdentifier>
      <Extensions>rc;ico;cur;bmp;dlg;rc2;rct;bin;rgs;gif;jpg;jpeg;jpe;resx;tiff;tif;png;wav;mfcribbon-ms</Extensions>
    </Filter>
    <Filter Include="Engine">
      <UniqueIdentifier>{c70bc702-3b3a-42d8-bb8c-460430c19678}</UniqueIdentifier>
    </Filter>
    <Filter Include="Engine\Core">
      <UniqueIdentifier>{646d6cfc-a2e7-4319-b0c1-5a887269c2d3}</UniqueIdentifier>
    </Filter>
    <Filter Include="Engine\Graphics">
      <UniqueIdentifier>{cd665465-c26d-4e78-8eeb-0a54368426aa}</UniqueIdentifier>
    </Filter>
    <Filter Include="Engine\Graphics\Shaders">
      <UniqueIdentifier>{8b6c92a8-f65d-451e-80e3-d65773602b92}</UniqueIdentifier>
    </Filter>
    <Filter Include="Game">
      <UniqueIdentifier>{d208ffd9-440e-4c27-b94c-ad86bc5623a3}</UniqueIdentifier>
    </Filter>
    <Filter Include="Engine\GameObject">
      <UniqueIdentifier>{4d39bc9b-7471-4f3d-a1a8-9d1128dcfa41}</UniqueIdentifier>
    </Filter>
    <Filter Include="Engine\GameObject\Components">
      <UniqueIdentifier>{dd81af7b-91da-443e-84c1-ed0f6ef1643f}</UniqueIdentifier>
    </Filter>
    <Filter Include="Engine\GameObject\Components\Base Interfaces">
      <UniqueIdentifier>{5556154c-6cf1-4ff9-81c8-2a0a3e3f074e}</UniqueIdentifier>
    </Filter>
    <Filter Include="Engine\GameObject\Components\Messages">
      <UniqueIdentifier>{f7aa10a2-9798-4f73-8744-dca5afad7604}</UniqueIdentifier>
    </Filter>
    <Filter Include="Engine\GameObject\Components\Component Types">
      <UniqueIdentifier>{9cd09fe2-d3cd-4347-802d-29b1b29bd841}</UniqueIdentifier>
    </Filter>
    <Filter Include="Engine\GameObject\Components\Component Types\Physics">
      <UniqueIdentifier>{bb96aee2-e75d-4c9f-aa19-029da50770fe}</UniqueIdentifier>
    </Filter>
    <Filter Include="Engine\GameObject\Components\Component Types\Animator">
      <UniqueIdentifier>{8a0a7094-091e-424b-a30e-3fee5e903200}</UniqueIdentifier>
    </Filter>
    <Filter Include="Engine\Physics">
      <UniqueIdentifier>{43af4fe9-3f6b-4ae2-a36f-dfc532bfb86e}</UniqueIdentifier>
    </Filter>
    <Filter Include="Engine\GameObject\Components\Component Types\Rendering">
      <UniqueIdentifier>{9a6c9345-6d65-45d3-9109-c577978258c2}</UniqueIdentifier>
    </Filter>
    <Filter Include="Engine\Level Loading">
      <UniqueIdentifier>{937c628e-0e66-47af-b903-62e7d33e8570}</UniqueIdentifier>
    </Filter>
    <Filter Include="Engine\Level Loading\XML Reader">
      <UniqueIdentifier>{c5f6b9d8-c478-4984-ad19-a126a89534ad}</UniqueIdentifier>
    </Filter>
    <Filter Include="Engine\Graphics\APIs">
      <UniqueIdentifier>{d13b61ca-a214-4435-b9c7-cd543c5c937e}</UniqueIdentifier>
    </Filter>
    <Filter Include="Game\GameComponents">
      <UniqueIdentifier>{8557f249-179d-44db-a7e4-ccddc55ff553}</UniqueIdentifier>
    </Filter>
    <Filter Include="Engine\Scene">
      <UniqueIdentifier>{e2f2402f-bb60-4e14-bed7-9c3ffcc55102}</UniqueIdentifier>
    </Filter>
    <Filter Include="Engine\I/O">
      <UniqueIdentifier>{76caa40f-803c-4ae9-ad3b-20ffe0354232}</UniqueIdentifier>
    </Filter>
    <Filter Include="Engine\GameObject\Components\Component Types\GamePlay">
      <UniqueIdentifier>{79328e8d-1c3e-4ddc-af06-e8fec9ff7352}</UniqueIdentifier>
    </Filter>
    <Filter Include="Game\GameComponents\AI">
      <UniqueIdentifier>{e8da296a-0824-449e-a931-ec8c62ec73d5}</UniqueIdentifier>
    </Filter>
    <Filter Include="Game\GameComponents\Player">
      <UniqueIdentifier>{a78523be-8359-4ae6-9904-a96ef32304c3}</UniqueIdentifier>
    </Filter>
    <Filter Include="Engine\GameObject\Components\Component Types\GUI">
      <UniqueIdentifier>{8164b0fb-d61a-4e3a-b1c9-d45047bb6ec6}</UniqueIdentifier>
    </Filter>
  </ItemGroup>
  <ItemGroup>
    <ClInclude Include="CustomException.h">
      <Filter>Engine\Core</Filter>
    </ClInclude>
    <ClInclude Include="Resource.h">
      <Filter>Engine\Core</Filter>
    </ClInclude>
    <ClInclude Include="Consts.h">
      <Filter>Engine\Core</Filter>
    </ClInclude>
    <ClInclude Include="IEMath.h">
      <Filter>Engine\Core</Filter>
    </ClInclude>
    <ClInclude Include="Keyboard.h">
      <Filter>Engine\I/O</Filter>
    </ClInclude>
    <ClInclude Include="Mouse.h">
      <Filter>Engine\I/O</Filter>
    </ClInclude>
    <ClInclude Include="FrameTimer.h">
      <Filter>Engine\Graphics</Filter>
    </ClInclude>
    <ClInclude Include="DXErr.h">
      <Filter>Engine\Graphics</Filter>
    </ClInclude>
    <ClInclude Include="GameObject.h">
      <Filter>Engine\GameObject</Filter>
    </ClInclude>
    <ClInclude Include="Game.h">
      <Filter>Game</Filter>
    </ClInclude>
    <ClInclude Include="COMInitializer.h">
      <Filter>Engine\Core</Filter>
    </ClInclude>
    <ClInclude Include="MainWindow.h">
      <Filter>Engine\Core</Filter>
    </ClInclude>
    <ClInclude Include="WinDefines.h">
      <Filter>Engine\Core</Filter>
    </ClInclude>
    <ClInclude Include="IComponent.h">
      <Filter>Engine\GameObject\Components\Base Interfaces</Filter>
    </ClInclude>
    <ClInclude Include="IDrawable.h">
      <Filter>Engine\GameObject\Components\Base Interfaces</Filter>
    </ClInclude>
    <ClInclude Include="IUpdateable.h">
      <Filter>Engine\GameObject\Components\Base Interfaces</Filter>
    </ClInclude>
    <ClInclude Include="IMessageable.h">
      <Filter>Engine\GameObject\Components\Base Interfaces</Filter>
    </ClInclude>
    <ClInclude Include="IMessage.h">
      <Filter>Engine\GameObject\Components\Base Interfaces</Filter>
    </ClInclude>
    <ClInclude Include="ComponentFactory.h">
      <Filter>Engine\GameObject\Components</Filter>
    </ClInclude>
    <ClInclude Include="AddForceMessage.h">
      <Filter>Engine\GameObject\Components\Messages</Filter>
    </ClInclude>
    <ClInclude Include="SpriteRendererComponent.h">
      <Filter>Engine\GameObject\Components\Component Types\Rendering</Filter>
    </ClInclude>
    <ClInclude Include="RigidBodyComponent.h">
      <Filter>Engine\GameObject\Components\Component Types\Physics</Filter>
    </ClInclude>
    <ClInclude Include="TransformComponent.h">
      <Filter>Engine\GameObject\Components\Component Types</Filter>
    </ClInclude>
    <ClInclude Include="SpriteAnimatorComponent.h">
      <Filter>Engine\GameObject\Components\Component Types\Animator</Filter>
    </ClInclude>
    <ClInclude Include="TextRendererComponent.h">
      <Filter>Engine\GameObject\Components\Component Types\Rendering</Filter>
    </ClInclude>
    <ClInclude Include="ColliderComponent.h">
      <Filter>Engine\GameObject\Components\Component Types\Physics</Filter>
    </ClInclude>
    <ClInclude Include="PhysicsManager.h">
      <Filter>Engine\Physics</Filter>
    </ClInclude>
    <ClInclude Include="CircleColliderComponent.h">
      <Filter>Engine\GameObject\Components\Component Types\Physics</Filter>
    </ClInclude>
    <ClInclude Include="PolygonColliderComponent.h">
      <Filter>Engine\GameObject\Components\Component Types\Physics</Filter>
    </ClInclude>
    <ClInclude Include="ColliderRendererComponent.h">
      <Filter>Engine\GameObject\Components\Component Types\Rendering</Filter>
    </ClInclude>
    <ClInclude Include="UpdateAnimationSequenceMessage.h">
      <Filter>Engine\GameObject\Components\Messages</Filter>
    </ClInclude>
    <ClInclude Include="rapidxml.hpp">
      <Filter>Engine\Level Loading\XML Reader</Filter>
    </ClInclude>
    <ClInclude Include="IGraphics.h">
      <Filter>Engine\Graphics</Filter>
    </ClInclude>
    <ClInclude Include="DX11Graphics.h">
      <Filter>Engine\Graphics\APIs</Filter>
    </ClInclude>
    <ClInclude Include="ICamera.h">
      <Filter>Engine\Graphics</Filter>
    </ClInclude>
    <ClInclude Include="GameCamera.h">
      <Filter>Game</Filter>
    </ClInclude>
    <ClInclude Include="TiledBGRenderer.h">
      <Filter>Engine\GameObject\Components\Component Types\Rendering</Filter>
    </ClInclude>
    <ClInclude Include="BoxColliderComponent.h">
      <Filter>Engine\GameObject\Components\Component Types\Physics</Filter>
    </ClInclude>
    <ClInclude Include="CollisionMessage.h">
      <Filter>Engine\GameObject\Components\Messages</Filter>
    </ClInclude>
    <ClInclude Include="Collision.h">
      <Filter>Engine\Physics</Filter>
    </ClInclude>
    <ClInclude Include="QuadTree.h">
      <Filter>Engine\Scene</Filter>
    </ClInclude>
    <ClInclude Include="Audio.h">
      <Filter>Engine\I/O</Filter>
    </ClInclude>
    <ClInclude Include="DamageableComponent.h">
      <Filter>Game\GameComponents</Filter>
    </ClInclude>
    <ClInclude Include="RecieveDamageMessage.h">
      <Filter>Engine\GameObject\Components\Messages</Filter>
    </ClInclude>
    <ClInclude Include="GameComponentFactory.h">
      <Filter>Game</Filter>
    </ClInclude>
    <ClInclude Include="ProjectileComponent.h">
      <Filter>Engine\GameObject\Components\Component Types\GamePlay</Filter>
    </ClInclude>
    <ClInclude Include="AIAgentComponent.h">
      <Filter>Game\GameComponents\AI</Filter>
    </ClInclude>
    <ClInclude Include="ObjectManager.h">
      <Filter>Engine\Level Loading</Filter>
    </ClInclude>
    <ClInclude Include="GameLevel.h">
      <Filter>Game</Filter>
    </ClInclude>
    <ClInclude Include="ProjectileManagerComponent.h">
      <Filter>Engine\GameObject\Components\Component Types\GamePlay</Filter>
    </ClInclude>
    <ClInclude Include="PlayerComponent.h">
      <Filter>Game\GameComponents\Player</Filter>
    </ClInclude>
    <ClInclude Include="rapidxml_print.hpp">
      <Filter>Engine\Level Loading\XML Reader</Filter>
    </ClInclude>
    <ClInclude Include="ObjectGrid.h">
      <Filter>Engine\Scene</Filter>
    </ClInclude>
    <ClInclude Include="LevelBuilder.h">
      <Filter>Engine\Level Loading</Filter>
    </ClInclude>
    <ClInclude Include="GUITextComponent.h">
      <Filter>Engine\GameObject\Components\Component Types\GUI</Filter>
    </ClInclude>
  </ItemGroup>
  <ItemGroup>
    <ClCompile Include="Keyboard.cpp">
      <Filter>Engine\I/O</Filter>
    </ClCompile>
    <ClCompile Include="Mouse.cpp">
      <Filter>Engine\I/O</Filter>
    </ClCompile>
    <ClCompile Include="FrameTimer.cpp">
      <Filter>Engine\Graphics</Filter>
    </ClCompile>
    <ClCompile Include="Main.cpp">
      <Filter>Engine\Core</Filter>
    </ClCompile>
    <ClCompile Include="GameObject.cpp">
      <Filter>Engine\GameObject</Filter>
    </ClCompile>
    <ClCompile Include="Game.cpp">
      <Filter>Game</Filter>
    </ClCompile>
    <ClCompile Include="COMInitializer.cpp">
      <Filter>Engine\Core</Filter>
    </ClCompile>
    <ClCompile Include="DXErr.cpp">
      <Filter>Engine\Core</Filter>
    </ClCompile>
    <ClCompile Include="MainWindow.cpp">
      <Filter>Engine\Core</Filter>
    </ClCompile>
    <ClCompile Include="ComponentFactory.cpp">
      <Filter>Engine\GameObject\Components</Filter>
    </ClCompile>
    <ClCompile Include="SpriteRendererComponent.cpp">
      <Filter>Engine\GameObject\Components\Component Types\Rendering</Filter>
    </ClCompile>
    <ClCompile Include="RigidBodyComponent.cpp">
      <Filter>Engine\GameObject\Components\Component Types\Physics</Filter>
    </ClCompile>
    <ClCompile Include="TransformComponent.cpp">
      <Filter>Engine\GameObject\Components\Component Types</Filter>
    </ClCompile>
    <ClCompile Include="SpriteAnimatorComponent.cpp">
      <Filter>Engine\GameObject\Components\Component Types\Animator</Filter>
    </ClCompile>
    <ClCompile Include="TextRendererComponent.cpp">
      <Filter>Engine\GameObject\Components\Component Types\Rendering</Filter>
    </ClCompile>
    <ClCompile Include="PhysicsManager.cpp">
      <Filter>Engine\Physics</Filter>
    </ClCompile>
    <ClCompile Include="CircleColliderComponent.cpp">
      <Filter>Engine\GameObject\Components\Component Types\Physics</Filter>
    </ClCompile>
    <ClCompile Include="PolygonColliderComponent.cpp">
      <Filter>Engine\GameObject\Components\Component Types\Physics</Filter>
    </ClCompile>
    <ClCompile Include="ColliderRendererComponent.cpp">
      <Filter>Engine\GameObject\Components\Component Types\Rendering</Filter>
    </ClCompile>
    <ClCompile Include="DX11Graphics.cpp">
      <Filter>Engine\Graphics\APIs</Filter>
    </ClCompile>
    <ClCompile Include="GameCamera.cpp">
      <Filter>Game</Filter>
    </ClCompile>
    <ClCompile Include="TiledBGRenderer.cpp">
      <Filter>Engine\GameObject\Components\Component Types\Rendering</Filter>
    </ClCompile>
    <ClCompile Include="BoxColliderComponent.cpp">
      <Filter>Engine\GameObject\Components\Component Types\Physics</Filter>
    </ClCompile>
    <ClCompile Include="Collision.cpp">
      <Filter>Engine\Physics</Filter>
    </ClCompile>
    <ClCompile Include="QuadTree.cpp">
      <Filter>Engine\Scene</Filter>
    </ClCompile>
    <ClCompile Include="Audio.cpp">
      <Filter>Engine\I/O</Filter>
    </ClCompile>
    <ClCompile Include="DamageableComponent.cpp">
      <Filter>Game\GameComponents</Filter>
    </ClCompile>
    <ClCompile Include="GameComponentFactory.cpp">
      <Filter>Game</Filter>
    </ClCompile>
    <ClCompile Include="ProjectileComponent.cpp">
      <Filter>Engine\GameObject\Components\Component Types\GamePlay</Filter>
    </ClCompile>
    <ClCompile Include="AIAgentComponent.cpp">
      <Filter>Game\GameComponents\AI</Filter>
    </ClCompile>
    <ClCompile Include="ObjectManager.cpp">
      <Filter>Engine\Level Loading</Filter>
    </ClCompile>
    <ClCompile Include="GameLevel.cpp">
      <Filter>Game</Filter>
    </ClCompile>
    <ClCompile Include="ProjectileManagerComponent.cpp">
      <Filter>Engine\GameObject\Components\Component Types\GamePlay</Filter>
    </ClCompile>
    <ClCompile Include="PlayerComponent.cpp">
      <Filter>Game\GameComponents\Player</Filter>
    </ClCompile>
    <ClCompile Include="ObjectGrid.cpp">
      <Filter>Engine\Scene</Filter>
    </ClCompile>
    <ClCompile Include="LevelBuilder.cpp">
      <Filter>Engine\Level Loading</Filter>
    </ClCompile>
    <ClCompile Include="GUITextComponent.cpp">
      <Filter>Engine\GameObject\Components\Component Types\GUI</Filter>
    </ClCompile>
  </ItemGroup>
  <ItemGroup>
    <FxCompile Include="FramebufferPS.hlsl">
      <Filter>Engine\Graphics\Shaders</Filter>
    </FxCompile>
    <FxCompile Include="FramebufferVS.hlsl">
      <Filter>Engine\Graphics\Shaders</Filter>
    </FxCompile>
  </ItemGroup>
  <ItemGroup>
    <ResourceCompile Include="Resource.rc">
      <Filter>Resource Files</Filter>
    </ResourceCompile>
  </ItemGroup>
  <ItemGroup>
    <Image Include="directx.ico">
      <Filter>Resource Files</Filter>
    </Image>
  </ItemGroup>
</Project>